
Microsoft Visual Studio Solution File, Format Version 12.00
# Visual Studio Version 17
VisualStudioVersion = 17.0.31903.59
MinimumVisualStudioVersion = 10.0.40219.1
Project("{FAE04EC0-301F-11D3-BF4B-00C04F79EFBC}") = "BlazorApp", "BlazorApp\BlazorApp.csproj", "{34266C61-0FF6-4CE2-8593-01A0B6722F21}"
EndProject
Project("{FAE04EC0-301F-11D3-BF4B-00C04F79EFBC}") = "CatalogService.API", "CatalogService.API\CatalogService.API.csproj", "{B4EAB43F-E5BF-4BA9-ADD4-FCCC3916E1F9}"
EndProject
Project("{FAE04EC0-301F-11D3-BF4B-00C04F79EFBC}") = "CatalogService.Application", "CatalogService.Application\CatalogService.Application.csproj", "{B803B1B5-99F3-4B37-9EF7-4351C51642D9}"
EndProject
Project("{FAE04EC0-301F-11D3-BF4B-00C04F79EFBC}") = "CatalogService.Infrastructure", "CatalogService.Infrastructure\CatalogService.Infrastructure.csproj", "{B573A3BB-00B6-4597-A5C3-79159F2FE6A8}"
EndProject
Global
	GlobalSection(SolutionConfigurationPlatforms) = preSolution
		Debug|Any CPU = Debug|Any CPU
		Release|Any CPU = Release|Any CPU
	EndGlobalSection
	GlobalSection(ProjectConfigurationPlatforms) = postSolution
		{34266C61-0FF6-4CE2-8593-01A0B6722F21}.Debug|Any CPU.ActiveCfg = Debug|Any CPU
		{34266C61-0FF6-4CE2-8593-01A0B6722F21}.Debug|Any CPU.Build.0 = Debug|Any CPU
		{34266C61-0FF6-4CE2-8593-01A0B6722F21}.Release|Any CPU.ActiveCfg = Release|Any CPU
		{34266C61-0FF6-4CE2-8593-01A0B6722F21}.Release|Any CPU.Build.0 = Release|Any CPU
		{B4EAB43F-E5BF-4BA9-ADD4-FCCC3916E1F9}.Debug|Any CPU.ActiveCfg = Debug|Any CPU
		{B4EAB43F-E5BF-4BA9-ADD4-FCCC3916E1F9}.Debug|Any CPU.Build.0 = Debug|Any CPU
		{B4EAB43F-E5BF-4BA9-ADD4-FCCC3916E1F9}.Release|Any CPU.ActiveCfg = Release|Any CPU
		{B4EAB43F-E5BF-4BA9-ADD4-FCCC3916E1F9}.Release|Any CPU.Build.0 = Release|Any CPU
		{B803B1B5-99F3-4B37-9EF7-4351C51642D9}.Debug|Any CPU.ActiveCfg = Debug|Any CPU
		{B803B1B5-99F3-4B37-9EF7-4351C51642D9}.Debug|Any CPU.Build.0 = Debug|Any CPU
		{B803B1B5-99F3-4B37-9EF7-4351C51642D9}.Release|Any CPU.ActiveCfg = Release|Any CPU
		{B803B1B5-99F3-4B37-9EF7-4351C51642D9}.Release|Any CPU.Build.0 = Release|Any CPU
		{B573A3BB-00B6-4597-A5C3-79159F2FE6A8}.Debug|Any CPU.ActiveCfg = Debug|Any CPU
		{B573A3BB-00B6-4597-A5C3-79159F2FE6A8}.Debug|Any CPU.Build.0 = Debug|Any CPU
		{B573A3BB-00B6-4597-A5C3-79159F2FE6A8}.Release|Any CPU.ActiveCfg = Release|Any CPU
		{B573A3BB-00B6-4597-A5C3-79159F2FE6A8}.Release|Any CPU.Build.0 = Release|Any CPU
	EndGlobalSection
	GlobalSection(SolutionProperties) = preSolution
		HideSolutionNode = FALSE
	EndGlobalSection
EndGlobal
